lock_version: 1
phase: architecture
decisions: { ux: pending }
flags: { pending_arch_sync: false }
docs:
  - { id: PRINCIPLES, path: docs/PRINCIPLES.md, status: active }
  - { id: PRD, path: docs/PRD.md, status: active }
  - { id: BUSINESS-FLOW, path: docs/BUSINESS-FLOW.md, status: active }
requirements_version: 0
adr_manifest: {}
archive_versions: []
